
Microsoft Visual Studio Solution File, Format Version 12.00
# Visual Studio 15
VisualStudioVersion = 15.0.28010.2036
MinimumVisualStudioVersion = 10.0.40219.1
Project("{FAE04EC0-301F-11D3-BF4B-00C04F79EFBC}") = "Zad.1", "Zad.1\Zad.1.csproj", "{EC52B9F1-5558-4D8C-B729-B105722F45EF}"
EndProject
Project("{FAE04EC0-301F-11D3-BF4B-00C04F79EFBC}") = "Zad.2", "Zad.2\Zad.2.csproj", "{837C58C9-FF7F-454E-A435-F0AA7F9515CB}"
EndProject
Project("{FAE04EC0-301F-11D3-BF4B-00C04F79EFBC}") = "Zad.3", "Zad.3\Zad.3.csproj", "{50A1FC30-BA24-42C3-86D8-175D2E2ACAD4}"
EndProject
Project("{FAE04EC0-301F-11D3-BF4B-00C04F79EFBC}") = "Zad.4", "Zad.4\Zad.4.csproj", "{A2B3A7F0-D091-46A4-AE28-213B8534F83B}"
EndProject
Project("{FAE04EC0-301F-11D3-BF4B-00C04F79EFBC}") = "Zad.5", "Zad.5\Zad.5.csproj", "{9A7D23B4-465A-4283-8921-7ACDD56833D5}"
EndProject
Project("{FAE04EC0-301F-11D3-BF4B-00C04F79EFBC}") = "Zad.6", "Zad.6\Zad.6.csproj", "{459322AA-5B5A-4EDC-9BB6-A330E8C57474}"
EndProject
Project("{FAE04EC0-301F-11D3-BF4B-00C04F79EFBC}") = "Zad.7", "Zad.7\Zad.7.csproj", "{6618FCB6-DA5A-43A6-A0B6-ECB5E02A52F4}"
EndProject
Project("{FAE04EC0-301F-11D3-BF4B-00C04F79EFBC}") = "Zad.8", "Zad.8\Zad.8.csproj", "{6AF77C8A-4A35-44A1-9849-DA143B9E409B}"
EndProject
Project("{FAE04EC0-301F-11D3-BF4B-00C04F79EFBC}") = "Zad.9", "Zad.9\Zad.9.csproj", "{C53F1728-22B5-4B37-A930-FA5A6BFC9187}"
EndProject
Project("{FAE04EC0-301F-11D3-BF4B-00C04F79EFBC}") = "Zad.10", "Zad.10\Zad.10.csproj", "{19FBE262-50EC-4E88-B1AC-FECFE6204D8E}"
EndProject
Project("{FAE04EC0-301F-11D3-BF4B-00C04F79EFBC}") = "Zad.11", "Zad.11\Zad.11.csproj", "{D2B22AC0-09E3-4A33-87EF-B0FB50E6FB11}"
EndProject
Project("{FAE04EC0-301F-11D3-BF4B-00C04F79EFBC}") = "Zad.12", "Zad.12\Zad.12.csproj", "{72EFDE37-BCD2-4268-872D-47D4117EBF78}"
EndProject
Project("{FAE04EC0-301F-11D3-BF4B-00C04F79EFBC}") = "Zad.13", "Zad.13\Zad.13.csproj", "{2D9983A1-031F-4D8D-93DD-4D0AC5F29632}"
EndProject
Global
	GlobalSection(SolutionConfigurationPlatforms) = preSolution
		Debug|Any CPU = Debug|Any CPU
		Release|Any CPU = Release|Any CPU
	EndGlobalSection
	GlobalSection(ProjectConfigurationPlatforms) = postSolution
		{EC52B9F1-5558-4D8C-B729-B105722F45EF}.Debug|Any CPU.ActiveCfg = Debug|Any CPU
		{EC52B9F1-5558-4D8C-B729-B105722F45EF}.Debug|Any CPU.Build.0 = Debug|Any CPU
		{EC52B9F1-5558-4D8C-B729-B105722F45EF}.Release|Any CPU.ActiveCfg = Release|Any CPU
		{EC52B9F1-5558-4D8C-B729-B105722F45EF}.Release|Any CPU.Build.0 = Release|Any CPU
		{837C58C9-FF7F-454E-A435-F0AA7F9515CB}.Debug|Any CPU.ActiveCfg = Debug|Any CPU
		{837C58C9-FF7F-454E-A435-F0AA7F9515CB}.Debug|Any CPU.Build.0 = Debug|Any CPU
		{837C58C9-FF7F-454E-A435-F0AA7F9515CB}.Release|Any CPU.ActiveCfg = Release|Any CPU
		{837C58C9-FF7F-454E-A435-F0AA7F9515CB}.Release|Any CPU.Build.0 = Release|Any CPU
		{50A1FC30-BA24-42C3-86D8-175D2E2ACAD4}.Debug|Any CPU.ActiveCfg = Debug|Any CPU
		{50A1FC30-BA24-42C3-86D8-175D2E2ACAD4}.Debug|Any CPU.Build.0 = Debug|Any CPU
		{50A1FC30-BA24-42C3-86D8-175D2E2ACAD4}.Release|Any CPU.ActiveCfg = Release|Any CPU
		{50A1FC30-BA24-42C3-86D8-175D2E2ACAD4}.Release|Any CPU.Build.0 = Release|Any CPU
		{A2B3A7F0-D091-46A4-AE28-213B8534F83B}.Debug|Any CPU.ActiveCfg = Debug|Any CPU
		{A2B3A7F0-D091-46A4-AE28-213B8534F83B}.Debug|Any CPU.Build.0 = Debug|Any CPU
		{A2B3A7F0-D091-46A4-AE28-213B8534F83B}.Release|Any CPU.ActiveCfg = Release|Any CPU
		{A2B3A7F0-D091-46A4-AE28-213B8534F83B}.Release|Any CPU.Build.0 = Release|Any CPU
		{9A7D23B4-465A-4283-8921-7ACDD56833D5}.Debug|Any CPU.ActiveCfg = Debug|Any CPU
		{9A7D23B4-465A-4283-8921-7ACDD56833D5}.Debug|Any CPU.Build.0 = Debug|Any CPU
		{9A7D23B4-465A-4283-8921-7ACDD56833D5}.Release|Any CPU.ActiveCfg = Release|Any CPU
		{9A7D23B4-465A-4283-8921-7ACDD56833D5}.Release|Any CPU.Build.0 = Release|Any CPU
		{459322AA-5B5A-4EDC-9BB6-A330E8C57474}.Debug|Any CPU.ActiveCfg = Debug|Any CPU
		{459322AA-5B5A-4EDC-9BB6-A330E8C57474}.Debug|Any CPU.Build.0 = Debug|Any CPU
		{459322AA-5B5A-4EDC-9BB6-A330E8C57474}.Release|Any CPU.ActiveCfg = Release|Any CPU
		{459322AA-5B5A-4EDC-9BB6-A330E8C57474}.Release|Any CPU.Build.0 = Release|Any CPU
		{6618FCB6-DA5A-43A6-A0B6-ECB5E02A52F4}.Debug|Any CPU.ActiveCfg = Debug|Any CPU
		{6618FCB6-DA5A-43A6-A0B6-ECB5E02A52F4}.Debug|Any CPU.Build.0 = Debug|Any CPU
		{6618FCB6-DA5A-43A6-A0B6-ECB5E02A52F4}.Release|Any CPU.ActiveCfg = Release|Any CPU
		{6618FCB6-DA5A-43A6-A0B6-ECB5E02A52F4}.Release|Any CPU.Build.0 = Release|Any CPU
		{6AF77C8A-4A35-44A1-9849-DA143B9E409B}.Debug|Any CPU.ActiveCfg = Debug|Any CPU
		{6AF77C8A-4A35-44A1-9849-DA143B9E409B}.Debug|Any CPU.Build.0 = Debug|Any CPU
		{6AF77C8A-4A35-44A1-9849-DA143B9E409B}.Release|Any CPU.ActiveCfg = Release|Any CPU
		{6AF77C8A-4A35-44A1-9849-DA143B9E409B}.Release|Any CPU.Build.0 = Release|Any CPU
		{C53F1728-22B5-4B37-A930-FA5A6BFC9187}.Debug|Any CPU.ActiveCfg = Debug|Any CPU
		{C53F1728-22B5-4B37-A930-FA5A6BFC9187}.Debug|Any CPU.Build.0 = Debug|Any CPU
		{C53F1728-22B5-4B37-A930-FA5A6BFC9187}.Release|Any CPU.ActiveCfg = Release|Any CPU
		{C53F1728-22B5-4B37-A930-FA5A6BFC9187}.Release|Any CPU.Build.0 = Release|Any CPU
		{19FBE262-50EC-4E88-B1AC-FECFE6204D8E}.Debug|Any CPU.ActiveCfg = Debug|Any CPU
		{19FBE262-50EC-4E88-B1AC-FECFE6204D8E}.Debug|Any CPU.Build.0 = Debug|Any CPU
		{19FBE262-50EC-4E88-B1AC-FECFE6204D8E}.Release|Any CPU.ActiveCfg = Release|Any CPU
		{19FBE262-50EC-4E88-B1AC-FECFE6204D8E}.Release|Any CPU.Build.0 = Release|Any CPU
		{D2B22AC0-09E3-4A33-87EF-B0FB50E6FB11}.Debug|Any CPU.ActiveCfg = Debug|Any CPU
		{D2B22AC0-09E3-4A33-87EF-B0FB50E6FB11}.Debug|Any CPU.Build.0 = Debug|Any CPU
		{D2B22AC0-09E3-4A33-87EF-B0FB50E6FB11}.Release|Any CPU.ActiveCfg = Release|Any CPU
		{D2B22AC0-09E3-4A33-87EF-B0FB50E6FB11}.Release|Any CPU.Build.0 = Release|Any CPU
		{72EFDE37-BCD2-4268-872D-47D4117EBF78}.Debug|Any CPU.ActiveCfg = Debug|Any CPU
		{72EFDE37-BCD2-4268-872D-47D4117EBF78}.Debug|Any CPU.Build.0 = Debug|Any CPU
		{72EFDE37-BCD2-4268-872D-47D4117EBF78}.Release|Any CPU.ActiveCfg = Release|Any CPU
		{72EFDE37-BCD2-4268-872D-47D4117EBF78}.Release|Any CPU.Build.0 = Release|Any CPU
		{2D9983A1-031F-4D8D-93DD-4D0AC5F29632}.Debug|Any CPU.ActiveCfg = Debug|Any CPU
		{2D9983A1-031F-4D8D-93DD-4D0AC5F29632}.Debug|Any CPU.Build.0 = Debug|Any CPU
		{2D9983A1-031F-4D8D-93DD-4D0AC5F29632}.Release|Any CPU.ActiveCfg = Release|Any CPU
		{2D9983A1-031F-4D8D-93DD-4D0AC5F29632}.Release|Any CPU.Build.0 = Release|Any CPU
	EndGlobalSection
	GlobalSection(SolutionProperties) = preSolution
		HideSolutionNode = FALSE
	EndGlobalSection
	GlobalSection(ExtensibilityGlobals) = postSolution
		SolutionGuid = {0DA8FF80-0687-42BF-B76D-8E23BE8F522F}
	EndGlobalSection
EndGlobal
